// !$*UTF8*$!
{
	archiveVersion = 1;
	classes = {
	};
	objectVersion = 56;
	objects = {

/* Begin PBXBuildFile section */
		8439DDF72BC8DD2300761DFD /* EpisodeInfoCollectionViewCellVM.swift in Sources */ = {isa = PBXBuildFile; fileRef = 8439DDF62BC8DD2300761DFD /* EpisodeInfoCollectionViewCellVM.swift */; };
		8439DDF92BC8DD8800761DFD /* EpisodeInfoCollectionViewCell.swift in Sources */ = {isa = PBXBuildFile; fileRef = 8439DDF82BC8DD8800761DFD /* EpisodeInfoCollectionViewCell.swift */; };
		8439DDFC2BCB2DB300761DFD /* SettingsViewVM.swift in Sources */ = {isa = PBXBuildFile; fileRef = 8439DDFB2BCB2DB300761DFD /* SettingsViewVM.swift */; };
		8439DDFE2BCB2E1B00761DFD /* SettingsCellViewModel.swift in Sources */ = {isa = PBXBuildFile; fileRef = 8439DDFD2BCB2E1B00761DFD /* SettingsCellViewModel.swift */; };
		845C87AF2BC595D700242C66 /* RMSearchViewController.swift in Sources */ = {isa = PBXBuildFile; fileRef = 845C87AE2BC595D700242C66 /* RMSearchViewController.swift */; };
		845D4C882BC3875A00A6488C /* RMAllEpisodesResponse.swift in Sources */ = {isa = PBXBuildFile; fileRef = 845D4C872BC3875A00A6488C /* RMAllEpisodesResponse.swift */; };
		845D98012BC0C59600BFAB5C /* CharacterPhotoCollectionViewCell.swift in Sources */ = {isa = PBXBuildFile; fileRef = 845D98002BC0C59600BFAB5C /* CharacterPhotoCollectionViewCell.swift */; };
		845D98032BC0C5B000BFAB5C /* CharacterInfoCollectionViewCell.swift in Sources */ = {isa = PBXBuildFile; fileRef = 845D98022BC0C5B000BFAB5C /* CharacterInfoCollectionViewCell.swift */; };
		845D98052BC0C5CC00BFAB5C /* CharacterEpisodeCollectionViewCell.swift in Sources */ = {isa = PBXBuildFile; fileRef = 845D98042BC0C5CC00BFAB5C /* CharacterEpisodeCollectionViewCell.swift */; };
		845D98082BC0C62500BFAB5C /* CharacterPhotoCollectionViewCellVM.swift in Sources */ = {isa = PBXBuildFile; fileRef = 845D98072BC0C62500BFAB5C /* CharacterPhotoCollectionViewCellVM.swift */; };
		845D980A2BC0C62F00BFAB5C /* CharacterInfoCollectionViewCellVM.swift in Sources */ = {isa = PBXBuildFile; fileRef = 845D98092BC0C62F00BFAB5C /* CharacterInfoCollectionViewCellVM.swift */; };
		845D980C2BC0C65300BFAB5C /* CharacterEpisodeCollectionViewCellVM.swift in Sources */ = {isa = PBXBuildFile; fileRef = 845D980B2BC0C65300BFAB5C /* CharacterEpisodeCollectionViewCellVM.swift */; };
		845D980E2BC203A000BFAB5C /* EpisodeDetailViewController.swift in Sources */ = {isa = PBXBuildFile; fileRef = 845D980D2BC203A000BFAB5C /* EpisodeDetailViewController.swift */; };
		845D98102BC21B2200BFAB5C /* RMAPICacheManager.swift in Sources */ = {isa = PBXBuildFile; fileRef = 845D980F2BC21B2200BFAB5C /* RMAPICacheManager.swift */; };
		845D98122BC2205500BFAB5C /* EpisodeDetailViewVM.swift in Sources */ = {isa = PBXBuildFile; fileRef = 845D98112BC2205500BFAB5C /* EpisodeDetailViewVM.swift */; };
		845D98142BC2213F00BFAB5C /* EpisodeDetailView.swift in Sources */ = {isa = PBXBuildFile; fileRef = 845D98132BC2213F00BFAB5C /* EpisodeDetailView.swift */; };
		845D98172BC2307E00BFAB5C /* EpisodeListView.swift in Sources */ = {isa = PBXBuildFile; fileRef = 845D98162BC2307E00BFAB5C /* EpisodeListView.swift */; };
		845D98192BC2310000BFAB5C /* EpisodeListViewVM.swift in Sources */ = {isa = PBXBuildFile; fileRef = 845D98182BC2310000BFAB5C /* EpisodeListViewVM.swift */; };
		8473C1C02BC4D0DA0001DE14 /* CharacterStatusIcon.swift in Sources */ = {isa = PBXBuildFile; fileRef = 8473C1BF2BC4D0DA0001DE14 /* CharacterStatusIcon.swift */; };
		84AA3D842BCB849000B83D63 /* SettingsView.swift in Sources */ = {isa = PBXBuildFile; fileRef = 84AA3D832BCB849000B83D63 /* SettingsView.swift */; };
		84F22B372B29EFB9007E0A8A /* AppDelegate.swift in Sources */ = {isa = PBXBuildFile; fileRef = 84F22B362B29EFB9007E0A8A /* AppDelegate.swift */; };
		84F22B392B29EFB9007E0A8A /* SceneDelegate.swift in Sources */ = {isa = PBXBuildFile; fileRef = 84F22B382B29EFB9007E0A8A /* SceneDelegate.swift */; };
		84F22B3B2B29EFB9007E0A8A /* TabBarController.swift in Sources */ = {isa = PBXBuildFile; fileRef = 84F22B3A2B29EFB9007E0A8A /* TabBarController.swift */; };
		84F22B402B29EFBB007E0A8A /* Assets.xcassets in Resources */ = {isa = PBXBuildFile; fileRef = 84F22B3F2B29EFBB007E0A8A /* Assets.xcassets */; };
		84F22B432B29EFBB007E0A8A /* LaunchScreen.storyboard in Resources */ = {isa = PBXBuildFile; fileRef = 84F22B412B29EFBB007E0A8A /* LaunchScreen.storyboard */; };
		84F22B522B2A0512007E0A8A /* RMLocation.swift in Sources */ = {isa = PBXBuildFile; fileRef = 84F22B512B2A0512007E0A8A /* RMLocation.swift */; };
		84F22B542B2A0524007E0A8A /* RMCharacter.swift in Sources */ = {isa = PBXBuildFile; fileRef = 84F22B532B2A0524007E0A8A /* RMCharacter.swift */; };
		84F22B562B2A0531007E0A8A /* RMEpisode.swift in Sources */ = {isa = PBXBuildFile; fileRef = 84F22B552B2A0531007E0A8A /* RMEpisode.swift */; };
		84F22B592B2A0650007E0A8A /* CharacterViewController.swift in Sources */ = {isa = PBXBuildFile; fileRef = 84F22B582B2A0650007E0A8A /* CharacterViewController.swift */; };
		84F22B5B2B2A06C8007E0A8A /* LocationViewController.swift in Sources */ = {isa = PBXBuildFile; fileRef = 84F22B5A2B2A06C8007E0A8A /* LocationViewController.swift */; };
		84F22B5D2B2A06E5007E0A8A /* EpisodeViewController.swift in Sources */ = {isa = PBXBuildFile; fileRef = 84F22B5C2B2A06E5007E0A8A /* EpisodeViewController.swift */; };
		84F22B5F2B2A06F7007E0A8A /* SettingsViewController.swift in Sources */ = {isa = PBXBuildFile; fileRef = 84F22B5E2B2A06F7007E0A8A /* SettingsViewController.swift */; };
		84F539B42B2A391E00CB4CD7 /* ApiService.swift in Sources */ = {isa = PBXBuildFile; fileRef = 84F539B32B2A391E00CB4CD7 /* ApiService.swift */; };
		84F539B62B2A3A0000CB4CD7 /* ApiRequest.swift in Sources */ = {isa = PBXBuildFile; fileRef = 84F539B52B2A3A0000CB4CD7 /* ApiRequest.swift */; };
		84F539B82B2A3FD900CB4CD7 /* ApiEndpoint.swift in Sources */ = {isa = PBXBuildFile; fileRef = 84F539B72B2A3FD900CB4CD7 /* ApiEndpoint.swift */; };
		84F539BC2B2B35C800CB4CD7 /* RMAllCharactersResponse.swift in Sources */ = {isa = PBXBuildFile; fileRef = 84F539BB2B2B35C800CB4CD7 /* RMAllCharactersResponse.swift */; };
		84F539BE2B2B39E600CB4CD7 /* CharacterListViewVM.swift in Sources */ = {isa = PBXBuildFile; fileRef = 84F539BD2B2B39E600CB4CD7 /* CharacterListViewVM.swift */; };
		84F539C02B2B3A4F00CB4CD7 /* CharacterListView.swift in Sources */ = {isa = PBXBuildFile; fileRef = 84F539BF2B2B3A4F00CB4CD7 /* CharacterListView.swift */; };
		84F539C22B2B43B800CB4CD7 /* Extensions.swift in Sources */ = {isa = PBXBuildFile; fileRef = 84F539C12B2B43B800CB4CD7 /* Extensions.swift */; };
		84F539C42B2B594D00CB4CD7 /* CharacterCollectionViewCell.swift in Sources */ = {isa = PBXBuildFile; fileRef = 84F539C32B2B594D00CB4CD7 /* CharacterCollectionViewCell.swift */; };
		84F539C62B2B5B2A00CB4CD7 /* CharacterCollectionViewCellVM.swift in Sources */ = {isa = PBXBuildFile; fileRef = 84F539C52B2B5B2A00CB4CD7 /* CharacterCollectionViewCellVM.swift */; };
		84F539C92B2C765C00CB4CD7 /* CharacterDetailViewController.swift in Sources */ = {isa = PBXBuildFile; fileRef = 84F539C82B2C765C00CB4CD7 /* CharacterDetailViewController.swift */; };
		84F539CB2B2C779F00CB4CD7 /* CharacterDetailView.swift in Sources */ = {isa = PBXBuildFile; fileRef = 84F539CA2B2C779F00CB4CD7 /* CharacterDetailView.swift */; };
		84F539CD2B2C77C000CB4CD7 /* CharacterDetailViewVM.swift in Sources */ = {isa = PBXBuildFile; fileRef = 84F539CC2B2C77C000CB4CD7 /* CharacterDetailViewVM.swift */; };
		84F539CF2B2C84C100CB4CD7 /* FooterLoadingCollectionReusableView.swift in Sources */ = {isa = PBXBuildFile; fileRef = 84F539CE2B2C84C100CB4CD7 /* FooterLoadingCollectionReusableView.swift */; };
		84F539D12B2CE32600CB4CD7 /* RMImageManager.swift in Sources */ = {isa = PBXBuildFile; fileRef = 84F539D02B2CE32600CB4CD7 /* RMImageManager.swift */; };
/* End PBXBuildFile section */

/* Begin PBXFileReference section */
		8439DDF62BC8DD2300761DFD /* EpisodeInfoCollectionViewCellVM.swift */ = {isa = PBXFileReference; lastKnownFileType = sourcecode.swift; path = EpisodeInfoCollectionViewCellVM.swift; sourceTree = "<group>"; };
		8439DDF82BC8DD8800761DFD /* EpisodeInfoCollectionViewCell.swift */ = {isa = PBXFileReference; lastKnownFileType = sourcecode.swift; path = EpisodeInfoCollectionViewCell.swift; sourceTree = "<group>"; };
		8439DDFB2BCB2DB300761DFD /* SettingsViewVM.swift */ = {isa = PBXFileReference; lastKnownFileType = sourcecode.swift; path = SettingsViewVM.swift; sourceTree = "<group>"; };
		8439DDFD2BCB2E1B00761DFD /* SettingsCellViewModel.swift */ = {isa = PBXFileReference; lastKnownFileType = sourcecode.swift; path = SettingsCellViewModel.swift; sourceTree = "<group>"; };
		845C87AE2BC595D700242C66 /* RMSearchViewController.swift */ = {isa = PBXFileReference; lastKnownFileType = sourcecode.swift; path = RMSearchViewController.swift; sourceTree = "<group>"; };
		845D4C872BC3875A00A6488C /* RMAllEpisodesResponse.swift */ = {isa = PBXFileReference; lastKnownFileType = sourcecode.swift; path = RMAllEpisodesResponse.swift; sourceTree = "<group>"; };
		845D98002BC0C59600BFAB5C /* CharacterPhotoCollectionViewCell.swift */ = {isa = PBXFileReference; lastKnownFileType = sourcecode.swift; path = CharacterPhotoCollectionViewCell.swift; sourceTree = "<group>"; };
		845D98022BC0C5B000BFAB5C /* CharacterInfoCollectionViewCell.swift */ = {isa = PBXFileReference; lastKnownFileType = sourcecode.swift; path = CharacterInfoCollectionViewCell.swift; sourceTree = "<group>"; };
		845D98042BC0C5CC00BFAB5C /* CharacterEpisodeCollectionViewCell.swift */ = {isa = PBXFileReference; lastKnownFileType = sourcecode.swift; path = CharacterEpisodeCollectionViewCell.swift; sourceTree = "<group>"; };
		845D98072BC0C62500BFAB5C /* CharacterPhotoCollectionViewCellVM.swift */ = {isa = PBXFileReference; lastKnownFileType = sourcecode.swift; path = CharacterPhotoCollectionViewCellVM.swift; sourceTree = "<group>"; };
		845D98092BC0C62F00BFAB5C /* CharacterInfoCollectionViewCellVM.swift */ = {isa = PBXFileReference; lastKnownFileType = sourcecode.swift; path = CharacterInfoCollectionViewCellVM.swift; sourceTree = "<group>"; };
		845D980B2BC0C65300BFAB5C /* CharacterEpisodeCollectionViewCellVM.swift */ = {isa = PBXFileReference; lastKnownFileType = sourcecode.swift; path = CharacterEpisodeCollectionViewCellVM.swift; sourceTree = "<group>"; };
		845D980D2BC203A000BFAB5C /* EpisodeDetailViewController.swift */ = {isa = PBXFileReference; lastKnownFileType = sourcecode.swift; path = EpisodeDetailViewController.swift; sourceTree = "<group>"; };
		845D980F2BC21B2200BFAB5C /* RMAPICacheManager.swift */ = {isa = PBXFileReference; lastKnownFileType = sourcecode.swift; path = RMAPICacheManager.swift; sourceTree = "<group>"; };
		845D98112BC2205500BFAB5C /* EpisodeDetailViewVM.swift */ = {isa = PBXFileReference; lastKnownFileType = sourcecode.swift; path = EpisodeDetailViewVM.swift; sourceTree = "<group>"; };
		845D98132BC2213F00BFAB5C /* EpisodeDetailView.swift */ = {isa = PBXFileReference; lastKnownFileType = sourcecode.swift; path = EpisodeDetailView.swift; sourceTree = "<group>"; };
		845D98162BC2307E00BFAB5C /* EpisodeListView.swift */ = {isa = PBXFileReference; lastKnownFileType = sourcecode.swift; path = EpisodeListView.swift; sourceTree = "<group>"; };
		845D98182BC2310000BFAB5C /* EpisodeListViewVM.swift */ = {isa = PBXFileReference; lastKnownFileType = sourcecode.swift; path = EpisodeListViewVM.swift; sourceTree = "<group>"; };
		8473C1BF2BC4D0DA0001DE14 /* CharacterStatusIcon.swift */ = {isa = PBXFileReference; lastKnownFileType = sourcecode.swift; path = CharacterStatusIcon.swift; sourceTree = "<group>"; };
		84AA3D832BCB849000B83D63 /* SettingsView.swift */ = {isa = PBXFileReference; lastKnownFileType = sourcecode.swift; path = SettingsView.swift; sourceTree = "<group>"; };
		84F22B332B29EFB9007E0A8A /* RickAndMorty.app */ = {isa = PBXFileReference; explicitFileType = wrapper.application; includeInIndex = 0; path = RickAndMorty.app; sourceTree = BUILT_PRODUCTS_DIR; };
		84F22B362B29EFB9007E0A8A /* AppDelegate.swift */ = {isa = PBXFileReference; lastKnownFileType = sourcecode.swift; path = AppDelegate.swift; sourceTree = "<group>"; };
		84F22B382B29EFB9007E0A8A /* SceneDelegate.swift */ = {isa = PBXFileReference; lastKnownFileType = sourcecode.swift; path = SceneDelegate.swift; sourceTree = "<group>"; };
		84F22B3A2B29EFB9007E0A8A /* TabBarController.swift */ = {isa = PBXFileReference; lastKnownFileType = sourcecode.swift; path = TabBarController.swift; sourceTree = "<group>"; };
		84F22B3F2B29EFBB007E0A8A /* Assets.xcassets */ = {isa = PBXFileReference; lastKnownFileType = folder.assetcatalog; path = Assets.xcassets; sourceTree = "<group>"; };
		84F22B422B29EFBB007E0A8A /* Base */ = {isa = PBXFileReference; lastKnownFileType = file.storyboard; name = Base; path = Base.lproj/LaunchScreen.storyboard; sourceTree = "<group>"; };
		84F22B442B29EFBB007E0A8A /* Info.plist */ = {isa = PBXFileReference; lastKnownFileType = text.plist.xml; path = Info.plist; sourceTree = "<group>"; };
		84F22B512B2A0512007E0A8A /* RMLocation.swift */ = {isa = PBXFileReference; lastKnownFileType = sourcecode.swift; path = RMLocation.swift; sourceTree = "<group>"; };
		84F22B532B2A0524007E0A8A /* RMCharacter.swift */ = {isa = PBXFileReference; lastKnownFileType = sourcecode.swift; path = RMCharacter.swift; sourceTree = "<group>"; };
		84F22B552B2A0531007E0A8A /* RMEpisode.swift */ = {isa = PBXFileReference; lastKnownFileType = sourcecode.swift; path = RMEpisode.swift; sourceTree = "<group>"; };
		84F22B582B2A0650007E0A8A /* CharacterViewController.swift */ = {isa = PBXFileReference; lastKnownFileType = sourcecode.swift; path = CharacterViewController.swift; sourceTree = "<group>"; };
		84F22B5A2B2A06C8007E0A8A /* LocationViewController.swift */ = {isa = PBXFileReference; lastKnownFileType = sourcecode.swift; path = LocationViewController.swift; sourceTree = "<group>"; };
		84F22B5C2B2A06E5007E0A8A /* EpisodeViewController.swift */ = {isa = PBXFileReference; lastKnownFileType = sourcecode.swift; path = EpisodeViewController.swift; sourceTree = "<group>"; };
		84F22B5E2B2A06F7007E0A8A /* SettingsViewController.swift */ = {isa = PBXFileReference; lastKnownFileType = sourcecode.swift; path = SettingsViewController.swift; sourceTree = "<group>"; };
		84F539B32B2A391E00CB4CD7 /* ApiService.swift */ = {isa = PBXFileReference; lastKnownFileType = sourcecode.swift; path = ApiService.swift; sourceTree = "<group>"; };
		84F539B52B2A3A0000CB4CD7 /* ApiRequest.swift */ = {isa = PBXFileReference; lastKnownFileType = sourcecode.swift; path = ApiRequest.swift; sourceTree = "<group>"; };
		84F539B72B2A3FD900CB4CD7 /* ApiEndpoint.swift */ = {isa = PBXFileReference; lastKnownFileType = sourcecode.swift; path = ApiEndpoint.swift; sourceTree = "<group>"; };
		84F539BB2B2B35C800CB4CD7 /* RMAllCharactersResponse.swift */ = {isa = PBXFileReference; lastKnownFileType = sourcecode.swift; path = RMAllCharactersResponse.swift; sourceTree = "<group>"; };
		84F539BD2B2B39E600CB4CD7 /* CharacterListViewVM.swift */ = {isa = PBXFileReference; lastKnownFileType = sourcecode.swift; path = CharacterListViewVM.swift; sourceTree = "<group>"; };
		84F539BF2B2B3A4F00CB4CD7 /* CharacterListView.swift */ = {isa = PBXFileReference; lastKnownFileType = sourcecode.swift; path = CharacterListView.swift; sourceTree = "<group>"; };
		84F539C12B2B43B800CB4CD7 /* Extensions.swift */ = {isa = PBXFileReference; lastKnownFileType = sourcecode.swift; path = Extensions.swift; sourceTree = "<group>"; };
		84F539C32B2B594D00CB4CD7 /* CharacterCollectionViewCell.swift */ = {isa = PBXFileReference; lastKnownFileType = sourcecode.swift; path = CharacterCollectionViewCell.swift; sourceTree = "<group>"; };
		84F539C52B2B5B2A00CB4CD7 /* CharacterCollectionViewCellVM.swift */ = {isa = PBXFileReference; lastKnownFileType = sourcecode.swift; path = CharacterCollectionViewCellVM.swift; sourceTree = "<group>"; };
		84F539C82B2C765C00CB4CD7 /* CharacterDetailViewController.swift */ = {isa = PBXFileReference; lastKnownFileType = sourcecode.swift; path = CharacterDetailViewController.swift; sourceTree = "<group>"; };
		84F539CA2B2C779F00CB4CD7 /* CharacterDetailView.swift */ = {isa = PBXFileReference; lastKnownFileType = sourcecode.swift; path = CharacterDetailView.swift; sourceTree = "<group>"; };
		84F539CC2B2C77C000CB4CD7 /* CharacterDetailViewVM.swift */ = {isa = PBXFileReference; lastKnownFileType = sourcecode.swift; path = CharacterDetailViewVM.swift; sourceTree = "<group>"; };
		84F539CE2B2C84C100CB4CD7 /* FooterLoadingCollectionReusableView.swift */ = {isa = PBXFileReference; lastKnownFileType = sourcecode.swift; path = FooterLoadingCollectionReusableView.swift; sourceTree = "<group>"; };
		84F539D02B2CE32600CB4CD7 /* RMImageManager.swift */ = {isa = PBXFileReference; lastKnownFileType = sourcecode.swift; path = RMImageManager.swift; sourceTree = "<group>"; };
/* End PBXFileReference section */

/* Begin PBXFrameworksBuildPhase section */
		84F22B302B29EFB9007E0A8A /* Frameworks */ = {
			isa = PBXFrameworksBuildPhase;
			buildActionMask = 2147483647;
			files = (
			);
			runOnlyForDeploymentPostprocessing = 0;
		};
/* End PBXFrameworksBuildPhase section */

/* Begin PBXGroup section */
		8439DDFA2BCB2D9F00761DFD /* Settings */ = {
			isa = PBXGroup;
			children = (
				8439DDFB2BCB2DB300761DFD /* SettingsViewVM.swift */,
				8439DDFD2BCB2E1B00761DFD /* SettingsCellViewModel.swift */,
			);
			path = Settings;
			sourceTree = "<group>";
		};
		845C87B02BC598FC00242C66 /* EpisodeDetail */ = {
			isa = PBXGroup;
			children = (
				845D98112BC2205500BFAB5C /* EpisodeDetailViewVM.swift */,
				8439DDF62BC8DD2300761DFD /* EpisodeInfoCollectionViewCellVM.swift */,
			);
			path = EpisodeDetail;
			sourceTree = "<group>";
		};
		845C87B12BC5992500242C66 /* CharacterList */ = {
			isa = PBXGroup;
			children = (
				84F539BD2B2B39E600CB4CD7 /* CharacterListViewVM.swift */,
				84F539C52B2B5B2A00CB4CD7 /* CharacterCollectionViewCellVM.swift */,
			);
			path = CharacterList;
			sourceTree = "<group>";
		};
		845C87B22BC5993900242C66 /* EpisodeList */ = {
			isa = PBXGroup;
			children = (
				845D98182BC2310000BFAB5C /* EpisodeListViewVM.swift */,
			);
			path = EpisodeList;
			sourceTree = "<group>";
		};
		845D97FE2BC0C52F00BFAB5C /* CharacterDetails */ = {
			isa = PBXGroup;
			children = (
				84F539CA2B2C779F00CB4CD7 /* CharacterDetailView.swift */,
				845D98002BC0C59600BFAB5C /* CharacterPhotoCollectionViewCell.swift */,
				845D98022BC0C5B000BFAB5C /* CharacterInfoCollectionViewCell.swift */,
				845D98042BC0C5CC00BFAB5C /* CharacterEpisodeCollectionViewCell.swift */,
			);
			path = CharacterDetails;
			sourceTree = "<group>";
		};
		845D97FF2BC0C54C00BFAB5C /* Character */ = {
			isa = PBXGroup;
			children = (
				84F539BF2B2B3A4F00CB4CD7 /* CharacterListView.swift */,
				84F539C32B2B594D00CB4CD7 /* CharacterCollectionViewCell.swift */,
				8473C1BF2BC4D0DA0001DE14 /* CharacterStatusIcon.swift */,
			);
			path = Character;
			sourceTree = "<group>";
		};
		845D98062BC0C5DF00BFAB5C /* CharacterDetail */ = {
			isa = PBXGroup;
			children = (
				84F539CC2B2C77C000CB4CD7 /* CharacterDetailViewVM.swift */,
				845D98072BC0C62500BFAB5C /* CharacterPhotoCollectionViewCellVM.swift */,
				845D98092BC0C62F00BFAB5C /* CharacterInfoCollectionViewCellVM.swift */,
				845D980B2BC0C65300BFAB5C /* CharacterEpisodeCollectionViewCellVM.swift */,
			);
			path = CharacterDetail;
			sourceTree = "<group>";
		};
		845D98152BC2306200BFAB5C /* Episode */ = {
			isa = PBXGroup;
			children = (
				845D98162BC2307E00BFAB5C /* EpisodeListView.swift */,
			);
			path = Episode;
			sourceTree = "<group>";
		};
		84AA3D822BCB847600B83D63 /* Settings */ = {
			isa = PBXGroup;
			children = (
				84AA3D832BCB849000B83D63 /* SettingsView.swift */,
			);
			path = Settings;
			sourceTree = "<group>";
		};
		84E1754E2BC3C74200A24ADC /* EpisodeDetails */ = {
			isa = PBXGroup;
			children = (
				845D98132BC2213F00BFAB5C /* EpisodeDetailView.swift */,
				8439DDF82BC8DD8800761DFD /* EpisodeInfoCollectionViewCell.swift */,
			);
			path = EpisodeDetails;
			sourceTree = "<group>";
		};
		84F22B2A2B29EFB9007E0A8A = {
			isa = PBXGroup;
			children = (
				84F22B352B29EFB9007E0A8A /* RickAndMorty */,
				84F22B342B29EFB9007E0A8A /* Products */,
			);
			sourceTree = "<group>";
		};
		84F22B342B29EFB9007E0A8A /* Products */ = {
			isa = PBXGroup;
			children = (
				84F22B332B29EFB9007E0A8A /* RickAndMorty.app */,
			);
			name = Products;
			sourceTree = "<group>";
		};
		84F22B352B29EFB9007E0A8A /* RickAndMorty */ = {
			isa = PBXGroup;
			children = (
				84F22B502B2A0471007E0A8A /* Resources */,
				84F22B4F2B2A0468007E0A8A /* APIClient */,
				84F22B4E2B2A045A007E0A8A /* Managers */,
				84F22B4D2B2A044B007E0A8A /* ViewModels */,
				84F22B4C2B2A043C007E0A8A /* Views */,
				84F22B4B2B2A0431007E0A8A /* Models */,
				84F22B4A2B2A0421007E0A8A /* Controllers */,
				84F22B442B29EFBB007E0A8A /* Info.plist */,
			);
			path = RickAndMorty;
			sourceTree = "<group>";
		};
		84F22B4A2B2A0421007E0A8A /* Controllers */ = {
			isa = PBXGroup;
			children = (
				84F539C72B2C762200CB4CD7 /* Other */,
				84F22B572B2A05E7007E0A8A /* Core */,
			);
			path = Controllers;
			sourceTree = "<group>";
		};
		84F22B4B2B2A0431007E0A8A /* Models */ = {
			isa = PBXGroup;
			children = (
				84F539BA2B2B356B00CB4CD7 /* APIResponseTypes */,
				84F539B92B2B355A00CB4CD7 /* DataTypes */,
			);
			path = Models;
			sourceTree = "<group>";
		};
		84F22B4C2B2A043C007E0A8A /* Views */ = {
			isa = PBXGroup;
			children = (
				84AA3D822BCB847600B83D63 /* Settings */,
				84E1754E2BC3C74200A24ADC /* EpisodeDetails */,
				845D98152BC2306200BFAB5C /* Episode */,
				845D97FF2BC0C54C00BFAB5C /* Character */,
				845D97FE2BC0C52F00BFAB5C /* CharacterDetails */,
				84F539CE2B2C84C100CB4CD7 /* FooterLoadingCollectionReusableView.swift */,
			);
			path = Views;
			sourceTree = "<group>";
		};
		84F22B4D2B2A044B007E0A8A /* ViewModels */ = {
			isa = PBXGroup;
			children = (
				8439DDFA2BCB2D9F00761DFD /* Settings */,
				845C87B22BC5993900242C66 /* EpisodeList */,
				845C87B12BC5992500242C66 /* CharacterList */,
				845C87B02BC598FC00242C66 /* EpisodeDetail */,
				845D98062BC0C5DF00BFAB5C /* CharacterDetail */,
			);
			path = ViewModels;
			sourceTree = "<group>";
		};
		84F22B4E2B2A045A007E0A8A /* Managers */ = {
			isa = PBXGroup;
			children = (
				84F539D02B2CE32600CB4CD7 /* RMImageManager.swift */,
				845D980F2BC21B2200BFAB5C /* RMAPICacheManager.swift */,
			);
			path = Managers;
			sourceTree = "<group>";
		};
		84F22B4F2B2A0468007E0A8A /* APIClient */ = {
			isa = PBXGroup;
			children = (
				84F539B32B2A391E00CB4CD7 /* ApiService.swift */,
				84F539B52B2A3A0000CB4CD7 /* ApiRequest.swift */,
				84F539B72B2A3FD900CB4CD7 /* ApiEndpoint.swift */,
			);
			path = APIClient;
			sourceTree = "<group>";
		};
		84F22B502B2A0471007E0A8A /* Resources */ = {
			isa = PBXGroup;
			children = (
				84F22B3F2B29EFBB007E0A8A /* Assets.xcassets */,
				84F22B412B29EFBB007E0A8A /* LaunchScreen.storyboard */,
				84F22B362B29EFB9007E0A8A /* AppDelegate.swift */,
				84F22B382B29EFB9007E0A8A /* SceneDelegate.swift */,
				84F539C12B2B43B800CB4CD7 /* Extensions.swift */,
			);
			path = Resources;
			sourceTree = "<group>";
		};
		84F22B572B2A05E7007E0A8A /* Core */ = {
			isa = PBXGroup;
			children = (
				84F22B3A2B29EFB9007E0A8A /* TabBarController.swift */,
				84F22B582B2A0650007E0A8A /* CharacterViewController.swift */,
				84F22B5A2B2A06C8007E0A8A /* LocationViewController.swift */,
				84F22B5C2B2A06E5007E0A8A /* EpisodeViewController.swift */,
				84F22B5E2B2A06F7007E0A8A /* SettingsViewController.swift */,
			);
			path = Core;
			sourceTree = "<group>";
		};
		84F539B92B2B355A00CB4CD7 /* DataTypes */ = {
			isa = PBXGroup;
			children = (
				84F22B512B2A0512007E0A8A /* RMLocation.swift */,
				84F22B532B2A0524007E0A8A /* RMCharacter.swift */,
				84F22B552B2A0531007E0A8A /* RMEpisode.swift */,
			);
			path = DataTypes;
			sourceTree = "<group>";
		};
		84F539BA2B2B356B00CB4CD7 /* APIResponseTypes */ = {
			isa = PBXGroup;
			children = (
				84F539BB2B2B35C800CB4CD7 /* RMAllCharactersResponse.swift */,
				845D4C872BC3875A00A6488C /* RMAllEpisodesResponse.swift */,
			);
			path = APIResponseTypes;
			sourceTree = "<group>";
		};
		84F539C72B2C762200CB4CD7 /* Other */ = {
			isa = PBXGroup;
			children = (
				84F539C82B2C765C00CB4CD7 /* CharacterDetailViewController.swift */,
				845D980D2BC203A000BFAB5C /* EpisodeDetailViewController.swift */,
				845C87AE2BC595D700242C66 /* RMSearchViewController.swift */,
			);
			path = Other;
			sourceTree = "<group>";
		};
/* End PBXGroup section */

/* Begin PBXNativeTarget section */
		84F22B322B29EFB9007E0A8A /* RickAndMorty */ = {
			isa = PBXNativeTarget;
			buildConfigurationList = 84F22B472B29EFBB007E0A8A /* Build configuration list for PBXNativeTarget "RickAndMorty" */;
			buildPhases = (
				84F22B2F2B29EFB9007E0A8A /* Sources */,
				84F22B302B29EFB9007E0A8A /* Frameworks */,
				84F22B312B29EFB9007E0A8A /* Resources */,
			);
			buildRules = (
			);
			dependencies = (
			);
			name = RickAndMorty;
			productName = RickAndMorty;
			productReference = 84F22B332B29EFB9007E0A8A /* RickAndMorty.app */;
			productType = "com.apple.product-type.application";
		};
/* End PBXNativeTarget section */

/* Begin PBXProject section */
		84F22B2B2B29EFB9007E0A8A /* Project object */ = {
			isa = PBXProject;
			attributes = {
				BuildIndependentTargetsInParallel = 1;
				LastSwiftUpdateCheck = 1500;
				LastUpgradeCheck = 1500;
				TargetAttributes = {
					84F22B322B29EFB9007E0A8A = {
						CreatedOnToolsVersion = 15.0.1;
					};
				};
			};
			buildConfigurationList = 84F22B2E2B29EFB9007E0A8A /* Build configuration list for PBXProject "RickAndMorty" */;
			compatibilityVersion = "Xcode 14.0";
			developmentRegion = en;
			hasScannedForEncodings = 0;
			knownRegions = (
				en,
				Base,
			);
			mainGroup = 84F22B2A2B29EFB9007E0A8A;
			productRefGroup = 84F22B342B29EFB9007E0A8A /* Products */;
			projectDirPath = "";
			projectRoot = "";
			targets = (
				84F22B322B29EFB9007E0A8A /* RickAndMorty */,
			);
		};
/* End PBXProject section */

/* Begin PBXResourcesBuildPhase section */
		84F22B312B29EFB9007E0A8A /* Resources */ = {
			isa = PBXResourcesBuildPhase;
			buildActionMask = 2147483647;
			files = (
				84F22B432B29EFBB007E0A8A /* LaunchScreen.storyboard in Resources */,
				84F22B402B29EFBB007E0A8A /* Assets.xcassets in Resources */,
			);
			runOnlyForDeploymentPostprocessing = 0;
		};
/* End PBXResourcesBuildPhase section */

/* Begin PBXSourcesBuildPhase section */
		84F22B2F2B29EFB9007E0A8A /* Sources */ = {
			isa = PBXSourcesBuildPhase;
			buildActionMask = 2147483647;
			files = (
				84F22B562B2A0531007E0A8A /* RMEpisode.swift in Sources */,
				84F539C62B2B5B2A00CB4CD7 /* CharacterCollectionViewCellVM.swift in Sources */,
				8473C1C02BC4D0DA0001DE14 /* CharacterStatusIcon.swift in Sources */,
				845D98012BC0C59600BFAB5C /* CharacterPhotoCollectionViewCell.swift in Sources */,
				84F22B5D2B2A06E5007E0A8A /* EpisodeViewController.swift in Sources */,
				8439DDF72BC8DD2300761DFD /* EpisodeInfoCollectionViewCellVM.swift in Sources */,
				84F539CF2B2C84C100CB4CD7 /* FooterLoadingCollectionReusableView.swift in Sources */,
				845C87AF2BC595D700242C66 /* RMSearchViewController.swift in Sources */,
				84F539CB2B2C779F00CB4CD7 /* CharacterDetailView.swift in Sources */,
				84F539BE2B2B39E600CB4CD7 /* CharacterListViewVM.swift in Sources */,
				84F539B62B2A3A0000CB4CD7 /* ApiRequest.swift in Sources */,
				84F539C92B2C765C00CB4CD7 /* CharacterDetailViewController.swift in Sources */,
				845D980C2BC0C65300BFAB5C /* CharacterEpisodeCollectionViewCellVM.swift in Sources */,
				84F539B82B2A3FD900CB4CD7 /* ApiEndpoint.swift in Sources */,
				8439DDF92BC8DD8800761DFD /* EpisodeInfoCollectionViewCell.swift in Sources */,
				845D980E2BC203A000BFAB5C /* EpisodeDetailViewController.swift in Sources */,
				8439DDFC2BCB2DB300761DFD /* SettingsViewVM.swift in Sources */,
				8439DDFE2BCB2E1B00761DFD /* SettingsCellViewModel.swift in Sources */,
				845D98052BC0C5CC00BFAB5C /* CharacterEpisodeCollectionViewCell.swift in Sources */,
				84F22B3B2B29EFB9007E0A8A /* TabBarController.swift in Sources */,
				845D98082BC0C62500BFAB5C /* CharacterPhotoCollectionViewCellVM.swift in Sources */,
				84AA3D842BCB849000B83D63 /* SettingsView.swift in Sources */,
				84F539C02B2B3A4F00CB4CD7 /* CharacterListView.swift in Sources */,
				84F22B5F2B2A06F7007E0A8A /* SettingsViewController.swift in Sources */,
				845D98192BC2310000BFAB5C /* EpisodeListViewVM.swift in Sources */,
				845D98172BC2307E00BFAB5C /* EpisodeListView.swift in Sources */,
				84F539D12B2CE32600CB4CD7 /* RMImageManager.swift in Sources */,
				84F539CD2B2C77C000CB4CD7 /* CharacterDetailViewVM.swift in Sources */,
				84F22B372B29EFB9007E0A8A /* AppDelegate.swift in Sources */,
				84F22B392B29EFB9007E0A8A /* SceneDelegate.swift in Sources */,
				845D4C882BC3875A00A6488C /* RMAllEpisodesResponse.swift in Sources */,
				84F539BC2B2B35C800CB4CD7 /* RMAllCharactersResponse.swift in Sources */,
				845D98122BC2205500BFAB5C /* EpisodeDetailViewVM.swift in Sources */,
				845D98142BC2213F00BFAB5C /* EpisodeDetailView.swift in Sources */,
				845D98032BC0C5B000BFAB5C /* CharacterInfoCollectionViewCell.swift in Sources */,
				84F539B42B2A391E00CB4CD7 /* ApiService.swift in Sources */,
				84F539C42B2B594D00CB4CD7 /* CharacterCollectionViewCell.swift in Sources */,
				84F22B522B2A0512007E0A8A /* RMLocation.swift in Sources */,
				845D98102BC21B2200BFAB5C /* RMAPICacheManager.swift in Sources */,
				84F22B542B2A0524007E0A8A /* RMCharacter.swift in Sources */,
				84F539C22B2B43B800CB4CD7 /* Extensions.swift in Sources */,
				84F22B592B2A0650007E0A8A /* CharacterViewController.swift in Sources */,
				845D980A2BC0C62F00BFAB5C /* CharacterInfoCollectionViewCellVM.swift in Sources */,
				84F22B5B2B2A06C8007E0A8A /* LocationViewController.swift in Sources */,
			);
			runOnlyForDeploymentPostprocessing = 0;
		};
/* End PBXSourcesBuildPhase section */

/* Begin PBXVariantGroup section */
		84F22B412B29EFBB007E0A8A /* LaunchScreen.storyboard */ = {
			isa = PBXVariantGroup;
			children = (
				84F22B422B29EFBB007E0A8A /* Base */,
			);
			name = LaunchScreen.storyboard;
			sourceTree = "<group>";
		};
/* End PBXVariantGroup section */

/* Begin XCBuildConfiguration section */
		84F22B452B29EFBB007E0A8A /* Debug */ = {
			isa = XCBuildConfiguration;
			buildSettings = {
				ALWAYS_SEARCH_USER_PATHS = NO;
				ASSETCATALOG_COMPILER_GENERATE_SWIFT_ASSET_SYMBOL_EXTENSIONS = YES;
				CLANG_ANALYZER_NONNULL = YES;
				CLANG_ANALYZER_NUMBER_OBJECT_CONVERSION = YES_AGGRESSIVE;
				CLANG_CXX_LANGUAGE_STANDARD = "gnu++20";
				CLANG_ENABLE_MODULES = YES;
				CLANG_ENABLE_OBJC_ARC = YES;
				CLANG_ENABLE_OBJC_WEAK = YES;
				CLANG_WARN_BLOCK_CAPTURE_AUTORELEASING = YES;
				CLANG_WARN_BOOL_CONVERSION = YES;
				CLANG_WARN_COMMA = YES;
				CLANG_WARN_CONSTANT_CONVERSION = YES;
				CLANG_WARN_DEPRECATED_OBJC_IMPLEMENTATIONS = YES;
				CLANG_WARN_DIRECT_OBJC_ISA_USAGE = YES_ERROR;
				CLANG_WARN_DOCUMENTATION_COMMENTS = YES;
				CLANG_WARN_EMPTY_BODY = YES;
				CLANG_WARN_ENUM_CONVERSION = YES;
				CLANG_WARN_INFINITE_RECURSION = YES;
				CLANG_WARN_INT_CONVERSION = YES;
				CLANG_WARN_NON_LITERAL_NULL_CONVERSION = YES;
				CLANG_WARN_OBJC_IMPLICIT_RETAIN_SELF = YES;
				CLANG_WARN_OBJC_LITERAL_CONVERSION = YES;
				CLANG_WARN_OBJC_ROOT_CLASS = YES_ERROR;
				CLANG_WARN_QUOTED_INCLUDE_IN_FRAMEWORK_HEADER = YES;
				CLANG_WARN_RANGE_LOOP_ANALYSIS = YES;
				CLANG_WARN_STRICT_PROTOTYPES = YES;
				CLANG_WARN_SUSPICIOUS_MOVE = YES;
				CLANG_WARN_UNGUARDED_AVAILABILITY = YES_AGGRESSIVE;
				CLANG_WARN_UNREACHABLE_CODE = YES;
				CLANG_WARN__DUPLICATE_METHOD_MATCH = YES;
				COPY_PHASE_STRIP = NO;
				DEBUG_INFORMATION_FORMAT = dwarf;
				ENABLE_STRICT_OBJC_MSGSEND = YES;
				ENABLE_TESTABILITY = YES;
				ENABLE_USER_SCRIPT_SANDBOXING = YES;
				GCC_C_LANGUAGE_STANDARD = gnu17;
				GCC_DYNAMIC_NO_PIC = NO;
				GCC_NO_COMMON_BLOCKS = YES;
				GCC_OPTIMIZATION_LEVEL = 0;
				GCC_PREPROCESSOR_DEFINITIONS = (
					"DEBUG=1",
					"$(inherited)",
				);
				GCC_WARN_64_TO_32_BIT_CONVERSION = YES;
				GCC_WARN_ABOUT_RETURN_TYPE = YES_ERROR;
				GCC_WARN_UNDECLARED_SELECTOR = YES;
				GCC_WARN_UNINITIALIZED_AUTOS = YES_AGGRESSIVE;
				GCC_WARN_UNUSED_FUNCTION = YES;
				GCC_WARN_UNUSED_VARIABLE = YES;
				IPHONEOS_DEPLOYMENT_TARGET = 17.0;
				LOCALIZATION_PREFERS_STRING_CATALOGS = YES;
				MTL_ENABLE_DEBUG_INFO = INCLUDE_SOURCE;
				MTL_FAST_MATH = YES;
				ONLY_ACTIVE_ARCH = YES;
				SDKROOT = iphoneos;
				SWIFT_ACTIVE_COMPILATION_CONDITIONS = "DEBUG $(inherited)";
				SWIFT_OPTIMIZATION_LEVEL = "-Onone";
			};
			name = Debug;
		};
		84F22B462B29EFBB007E0A8A /* Release */ = {
			isa = XCBuildConfiguration;
			buildSettings = {
				ALWAYS_SEARCH_USER_PATHS = NO;
				ASSETCATALOG_COMPILER_GENERATE_SWIFT_ASSET_SYMBOL_EXTENSIONS = YES;
				CLANG_ANALYZER_NONNULL = YES;
				CLANG_ANALYZER_NUMBER_OBJECT_CONVERSION = YES_AGGRESSIVE;
				CLANG_CXX_LANGUAGE_STANDARD = "gnu++20";
				CLANG_ENABLE_MODULES = YES;
				CLANG_ENABLE_OBJC_ARC = YES;
				CLANG_ENABLE_OBJC_WEAK = YES;
				CLANG_WARN_BLOCK_CAPTURE_AUTORELEASING = YES;
				CLANG_WARN_BOOL_CONVERSION = YES;
				CLANG_WARN_COMMA = YES;
				CLANG_WARN_CONSTANT_CONVERSION = YES;
				CLANG_WARN_DEPRECATED_OBJC_IMPLEMENTATIONS = YES;
				CLANG_WARN_DIRECT_OBJC_ISA_USAGE = YES_ERROR;
				CLANG_WARN_DOCUMENTATION_COMMENTS = YES;
				CLANG_WARN_EMPTY_BODY = YES;
				CLANG_WARN_ENUM_CONVERSION = YES;
				CLANG_WARN_INFINITE_RECURSION = YES;
				CLANG_WARN_INT_CONVERSION = YES;
				CLANG_WARN_NON_LITERAL_NULL_CONVERSION = YES;
				CLANG_WARN_OBJC_IMPLICIT_RETAIN_SELF = YES;
				CLANG_WARN_OBJC_LITERAL_CONVERSION = YES;
				CLANG_WARN_OBJC_ROOT_CLASS = YES_ERROR;
				CLANG_WARN_QUOTED_INCLUDE_IN_FRAMEWORK_HEADER = YES;
				CLANG_WARN_RANGE_LOOP_ANALYSIS = YES;
				CLANG_WARN_STRICT_PROTOTYPES = YES;
				CLANG_WARN_SUSPICIOUS_MOVE = YES;
				CLANG_WARN_UNGUARDED_AVAILABILITY = YES_AGGRESSIVE;
				CLANG_WARN_UNREACHABLE_CODE = YES;
				CLANG_WARN__DUPLICATE_METHOD_MATCH = YES;
				COPY_PHASE_STRIP = NO;
				DEBUG_INFORMATION_FORMAT = "dwarf-with-dsym";
				ENABLE_NS_ASSERTIONS = NO;
				ENABLE_STRICT_OBJC_MSGSEND = YES;
				ENABLE_USER_SCRIPT_SANDBOXING = YES;
				GCC_C_LANGUAGE_STANDARD = gnu17;
				GCC_NO_COMMON_BLOCKS = YES;
				GCC_WARN_64_TO_32_BIT_CONVERSION = YES;
				GCC_WARN_ABOUT_RETURN_TYPE = YES_ERROR;
				GCC_WARN_UNDECLARED_SELECTOR = YES;
				GCC_WARN_UNINITIALIZED_AUTOS = YES_AGGRESSIVE;
				GCC_WARN_UNUSED_FUNCTION = YES;
				GCC_WARN_UNUSED_VARIABLE = YES;
				IPHONEOS_DEPLOYMENT_TARGET = 17.0;
				LOCALIZATION_PREFERS_STRING_CATALOGS = YES;
				MTL_ENABLE_DEBUG_INFO = NO;
				MTL_FAST_MATH = YES;
				SDKROOT = iphoneos;
				SWIFT_COMPILATION_MODE = wholemodule;
				VALIDATE_PRODUCT = YES;
			};
			name = Release;
		};
		84F22B482B29EFBB007E0A8A /* Debug */ = {
			isa = XCBuildConfiguration;
			buildSettings = {
				ASSETCATALOG_COMPILER_APPICON_NAME = AppIcon;
				ASSETCATALOG_COMPILER_GLOBAL_ACCENT_COLOR_NAME = AccentColor;
				CODE_SIGN_STYLE = Automatic;
				CURRENT_PROJECT_VERSION = 1;
				DEVELOPMENT_TEAM = U3A87V646H;
				GENERATE_INFOPLIST_FILE = YES;
				INFOPLIST_FILE = RickAndMorty/Info.plist;
				INFOPLIST_KEY_UIApplicationSupportsIndirectInputEvents = YES;
				INFOPLIST_KEY_UILaunchStoryboardName = LaunchScreen;
				INFOPLIST_KEY_UISupportedInterfaceOrientations_iPad = "UIInterfaceOrientationPortrait UIInterfaceOrientationPortraitUpsideDown UIInterfaceOrientationLandscapeLeft UIInterfaceOrientationLandscapeRight";
				INFOPLIST_KEY_UISupportedInterfaceOrientations_iPhone = "UIInterfaceOrientationPortrait UIInterfaceOrientationLandscapeLeft UIInterfaceOrientationLandscapeRight";
				LD_RUNPATH_SEARCH_PATHS = (
					"$(inherited)",
					"@executable_path/Frameworks",
				);
				MARKETING_VERSION = 1.0;
				PRODUCT_BUNDLE_IDENTIFIER = com.i.RickAndMorty;
				PRODUCT_NAME = "$(TARGET_NAME)";
				SWIFT_EMIT_LOC_STRINGS = YES;
				SWIFT_VERSION = 5.0;
				TARGETED_DEVICE_FAMILY = "1,2";
			};
			name = Debug;
		};
		84F22B492B29EFBB007E0A8A /* Release */ = {
			isa = XCBuildConfiguration;
			buildSettings = {
				ASSETCATALOG_COMPILER_APPICON_NAME = AppIcon;
				ASSETCATALOG_COMPILER_GLOBAL_ACCENT_COLOR_NAME = AccentColor;
				CODE_SIGN_STYLE = Automatic;
				CURRENT_PROJECT_VERSION = 1;
				DEVELOPMENT_TEAM = U3A87V646H;
				GENERATE_INFOPLIST_FILE = YES;
				INFOPLIST_FILE = RickAndMorty/Info.plist;
				INFOPLIST_KEY_UIApplicationSupportsIndirectInputEvents = YES;
				INFOPLIST_KEY_UILaunchStoryboardName = LaunchScreen;
				INFOPLIST_KEY_UISupportedInterfaceOrientations_iPad = "UIInterfaceOrientationPortrait UIInterfaceOrientationPortraitUpsideDown UIInterfaceOrientationLandscapeLeft UIInterfaceOrientationLandscapeRight";
				INFOPLIST_KEY_UISupportedInterfaceOrientations_iPhone = "UIInterfaceOrientationPortrait UIInterfaceOrientationLandscapeLeft UIInterfaceOrientationLandscapeRight";
				LD_RUNPATH_SEARCH_PATHS = (
					"$(inherited)",
					"@executable_path/Frameworks",
				);
				MARKETING_VERSION = 1.0;
				PRODUCT_BUNDLE_IDENTIFIER = com.i.RickAndMorty;
				PRODUCT_NAME = "$(TARGET_NAME)";
				SWIFT_EMIT_LOC_STRINGS = YES;
				SWIFT_VERSION = 5.0;
				TARGETED_DEVICE_FAMILY = "1,2";
			};
			name = Release;
		};
/* End XCBuildConfiguration section */

/* Begin XCConfigurationList section */
		84F22B2E2B29EFB9007E0A8A /* Build configuration list for PBXProject "RickAndMorty" */ = {
			isa = XCConfigurationList;
			buildConfigurations = (
				84F22B452B29EFBB007E0A8A /* Debug */,
				84F22B462B29EFBB007E0A8A /* Release */,
			);
			defaultConfigurationIsVisible = 0;
			defaultConfigurationName = Release;
		};
		84F22B472B29EFBB007E0A8A /* Build configuration list for PBXNativeTarget "RickAndMorty" */ = {
			isa = XCConfigurationList;
			buildConfigurations = (
				84F22B482B29EFBB007E0A8A /* Debug */,
				84F22B492B29EFBB007E0A8A /* Release */,
			);
			defaultConfigurationIsVisible = 0;
			defaultConfigurationName = Release;
		};
/* End XCConfigurationList section */
	};
	rootObject = 84F22B2B2B29EFB9007E0A8A /* Project object */;
}
