// !$*UTF8*$!
{
	archiveVersion = 1;
	classes = {
	};
	objectVersion = 56;
	objects = {

/* Begin PBXBuildFile section */
		84F22B372B29EFB9007E0A8A /* AppDelegate.swift in Sources */ = {isa = PBXBuildFile; fileRef = 84F22B362B29EFB9007E0A8A /* AppDelegate.swift */; };
		84F22B392B29EFB9007E0A8A /* SceneDelegate.swift in Sources */ = {isa = PBXBuildFile; fileRef = 84F22B382B29EFB9007E0A8A /* SceneDelegate.swift */; };
		84F22B3B2B29EFB9007E0A8A /* TabBarController.swift in Sources */ = {isa = PBXBuildFile; fileRef = 84F22B3A2B29EFB9007E0A8A /* TabBarController.swift */; };
		84F22B402B29EFBB007E0A8A /* Assets.xcassets in Resources */ = {isa = PBXBuildFile; fileRef = 84F22B3F2B29EFBB007E0A8A /* Assets.xcassets */; };
		84F22B432B29EFBB007E0A8A /* LaunchScreen.storyboard in Resources */ = {isa = PBXBuildFile; fileRef = 84F22B412B29EFBB007E0A8A /* LaunchScreen.storyboard */; };
		84F22B522B2A0512007E0A8A /* RMLocation.swift in Sources */ = {isa = PBXBuildFile; fileRef = 84F22B512B2A0512007E0A8A /* RMLocation.swift */; };
		84F22B542B2A0524007E0A8A /* RMCharacter.swift in Sources */ = {isa = PBXBuildFile; fileRef = 84F22B532B2A0524007E0A8A /* RMCharacter.swift */; };
		84F22B562B2A0531007E0A8A /* RMEpisode.swift in Sources */ = {isa = PBXBuildFile; fileRef = 84F22B552B2A0531007E0A8A /* RMEpisode.swift */; };
		84F22B592B2A0650007E0A8A /* CharacterViewController.swift in Sources */ = {isa = PBXBuildFile; fileRef = 84F22B582B2A0650007E0A8A /* CharacterViewController.swift */; };
		84F22B5B2B2A06C8007E0A8A /* LocationViewController.swift in Sources */ = {isa = PBXBuildFile; fileRef = 84F22B5A2B2A06C8007E0A8A /* LocationViewController.swift */; };
		84F22B5D2B2A06E5007E0A8A /* EpisodeViewController.swift in Sources */ = {isa = PBXBuildFile; fileRef = 84F22B5C2B2A06E5007E0A8A /* EpisodeViewController.swift */; };
		84F22B5F2B2A06F7007E0A8A /* SettingsViewController.swift in Sources */ = {isa = PBXBuildFile; fileRef = 84F22B5E2B2A06F7007E0A8A /* SettingsViewController.swift */; };
		84F539B42B2A391E00CB4CD7 /* ApiService.swift in Sources */ = {isa = PBXBuildFile; fileRef = 84F539B32B2A391E00CB4CD7 /* ApiService.swift */; };
		84F539B62B2A3A0000CB4CD7 /* ApiRequest.swift in Sources */ = {isa = PBXBuildFile; fileRef = 84F539B52B2A3A0000CB4CD7 /* ApiRequest.swift */; };
		84F539B82B2A3FD900CB4CD7 /* ApiEndpoint.swift in Sources */ = {isa = PBXBuildFile; fileRef = 84F539B72B2A3FD900CB4CD7 /* ApiEndpoint.swift */; };
/* End PBXBuildFile section */

/* Begin PBXFileReference section */
		84F22B332B29EFB9007E0A8A /* RickAndMorty.app */ = {isa = PBXFileReference; explicitFileType = wrapper.application; includeInIndex = 0; path = RickAndMorty.app; sourceTree = BUILT_PRODUCTS_DIR; };
		84F22B362B29EFB9007E0A8A /* AppDelegate.swift */ = {isa = PBXFileReference; lastKnownFileType = sourcecode.swift; path = AppDelegate.swift; sourceTree = "<group>"; };
		84F22B382B29EFB9007E0A8A /* SceneDelegate.swift */ = {isa = PBXFileReference; lastKnownFileType = sourcecode.swift; path = SceneDelegate.swift; sourceTree = "<group>"; };
		84F22B3A2B29EFB9007E0A8A /* TabBarController.swift */ = {isa = PBXFileReference; lastKnownFileType = sourcecode.swift; path = TabBarController.swift; sourceTree = "<group>"; };
		84F22B3F2B29EFBB007E0A8A /* Assets.xcassets */ = {isa = PBXFileReference; lastKnownFileType = folder.assetcatalog; path = Assets.xcassets; sourceTree = "<group>"; };
		84F22B422B29EFBB007E0A8A /* Base */ = {isa = PBXFileReference; lastKnownFileType = file.storyboard; name = Base; path = Base.lproj/LaunchScreen.storyboard; sourceTree = "<group>"; };
		84F22B442B29EFBB007E0A8A /* Info.plist */ = {isa = PBXFileReference; lastKnownFileType = text.plist.xml; path = Info.plist; sourceTree = "<group>"; };
		84F22B512B2A0512007E0A8A /* RMLocation.swift */ = {isa = PBXFileReference; lastKnownFileType = sourcecode.swift; path = RMLocation.swift; sourceTree = "<group>"; };
		84F22B532B2A0524007E0A8A /* RMCharacter.swift */ = {isa = PBXFileReference; lastKnownFileType = sourcecode.swift; path = RMCharacter.swift; sourceTree = "<group>"; };
		84F22B552B2A0531007E0A8A /* RMEpisode.swift */ = {isa = PBXFileReference; lastKnownFileType = sourcecode.swift; path = RMEpisode.swift; sourceTree = "<group>"; };
		84F22B582B2A0650007E0A8A /* CharacterViewController.swift */ = {isa = PBXFileReference; lastKnownFileType = sourcecode.swift; path = CharacterViewController.swift; sourceTree = "<group>"; };
		84F22B5A2B2A06C8007E0A8A /* LocationViewController.swift */ = {isa = PBXFileReference; lastKnownFileType = sourcecode.swift; path = LocationViewController.swift; sourceTree = "<group>"; };
		84F22B5C2B2A06E5007E0A8A /* EpisodeViewController.swift */ = {isa = PBXFileReference; lastKnownFileType = sourcecode.swift; path = EpisodeViewController.swift; sourceTree = "<group>"; };
		84F22B5E2B2A06F7007E0A8A /* SettingsViewController.swift */ = {isa = PBXFileReference; lastKnownFileType = sourcecode.swift; path = SettingsViewController.swift; sourceTree = "<group>"; };
		84F539B32B2A391E00CB4CD7 /* ApiService.swift */ = {isa = PBXFileReference; lastKnownFileType = sourcecode.swift; path = ApiService.swift; sourceTree = "<group>"; };
		84F539B52B2A3A0000CB4CD7 /* ApiRequest.swift */ = {isa = PBXFileReference; lastKnownFileType = sourcecode.swift; path = ApiRequest.swift; sourceTree = "<group>"; };
		84F539B72B2A3FD900CB4CD7 /* ApiEndpoint.swift */ = {isa = PBXFileReference; lastKnownFileType = sourcecode.swift; path = ApiEndpoint.swift; sourceTree = "<group>"; };
/* End PBXFileReference section */

/* Begin PBXFrameworksBuildPhase section */
		84F22B302B29EFB9007E0A8A /* Frameworks */ = {
			isa = PBXFrameworksBuildPhase;
			buildActionMask = 2147483647;
			files = (
			);
			runOnlyForDeploymentPostprocessing = 0;
		};
/* End PBXFrameworksBuildPhase section */

/* Begin PBXGroup section */
		84F22B2A2B29EFB9007E0A8A = {
			isa = PBXGroup;
			children = (
				84F22B352B29EFB9007E0A8A /* RickAndMorty */,
				84F22B342B29EFB9007E0A8A /* Products */,
			);
			sourceTree = "<group>";
		};
		84F22B342B29EFB9007E0A8A /* Products */ = {
			isa = PBXGroup;
			children = (
				84F22B332B29EFB9007E0A8A /* RickAndMorty.app */,
			);
			name = Products;
			sourceTree = "<group>";
		};
		84F22B352B29EFB9007E0A8A /* RickAndMorty */ = {
			isa = PBXGroup;
			children = (
				84F22B502B2A0471007E0A8A /* Resources */,
				84F22B4F2B2A0468007E0A8A /* APIClient */,
				84F22B4E2B2A045A007E0A8A /* Managers */,
				84F22B4D2B2A044B007E0A8A /* ViewModels */,
				84F22B4C2B2A043C007E0A8A /* Views */,
				84F22B4B2B2A0431007E0A8A /* Models */,
				84F22B4A2B2A0421007E0A8A /* Controllers */,
				84F22B442B29EFBB007E0A8A /* Info.plist */,
			);
			path = RickAndMorty;
			sourceTree = "<group>";
		};
		84F22B4A2B2A0421007E0A8A /* Controllers */ = {
			isa = PBXGroup;
			children = (
				84F22B572B2A05E7007E0A8A /* Core */,
			);
			path = Controllers;
			sourceTree = "<group>";
		};
		84F22B4B2B2A0431007E0A8A /* Models */ = {
			isa = PBXGroup;
			children = (
				84F22B512B2A0512007E0A8A /* RMLocation.swift */,
				84F22B532B2A0524007E0A8A /* RMCharacter.swift */,
				84F22B552B2A0531007E0A8A /* RMEpisode.swift */,
			);
			path = Models;
			sourceTree = "<group>";
		};
		84F22B4C2B2A043C007E0A8A /* Views */ = {
			isa = PBXGroup;
			children = (
			);
			path = Views;
			sourceTree = "<group>";
		};
		84F22B4D2B2A044B007E0A8A /* ViewModels */ = {
			isa = PBXGroup;
			children = (
			);
			path = ViewModels;
			sourceTree = "<group>";
		};
		84F22B4E2B2A045A007E0A8A /* Managers */ = {
			isa = PBXGroup;
			children = (
			);
			path = Managers;
			sourceTree = "<group>";
		};
		84F22B4F2B2A0468007E0A8A /* APIClient */ = {
			isa = PBXGroup;
			children = (
				84F539B32B2A391E00CB4CD7 /* ApiService.swift */,
				84F539B52B2A3A0000CB4CD7 /* ApiRequest.swift */,
				84F539B72B2A3FD900CB4CD7 /* ApiEndpoint.swift */,
			);
			path = APIClient;
			sourceTree = "<group>";
		};
		84F22B502B2A0471007E0A8A /* Resources */ = {
			isa = PBXGroup;
			children = (
				84F22B3F2B29EFBB007E0A8A /* Assets.xcassets */,
				84F22B412B29EFBB007E0A8A /* LaunchScreen.storyboard */,
				84F22B362B29EFB9007E0A8A /* AppDelegate.swift */,
				84F22B382B29EFB9007E0A8A /* SceneDelegate.swift */,
			);
			path = Resources;
			sourceTree = "<group>";
		};
		84F22B572B2A05E7007E0A8A /* Core */ = {
			isa = PBXGroup;
			children = (
				84F22B3A2B29EFB9007E0A8A /* TabBarController.swift */,
				84F22B582B2A0650007E0A8A /* CharacterViewController.swift */,
				84F22B5A2B2A06C8007E0A8A /* LocationViewController.swift */,
				84F22B5C2B2A06E5007E0A8A /* EpisodeViewController.swift */,
				84F22B5E2B2A06F7007E0A8A /* SettingsViewController.swift */,
			);
			path = Core;
			sourceTree = "<group>";
		};
/* End PBXGroup section */

/* Begin PBXNativeTarget section */
		84F22B322B29EFB9007E0A8A /* RickAndMorty */ = {
			isa = PBXNativeTarget;
			buildConfigurationList = 84F22B472B29EFBB007E0A8A /* Build configuration list for PBXNativeTarget "RickAndMorty" */;
			buildPhases = (
				84F22B2F2B29EFB9007E0A8A /* Sources */,
				84F22B302B29EFB9007E0A8A /* Frameworks */,
				84F22B312B29EFB9007E0A8A /* Resources */,
			);
			buildRules = (
			);
			dependencies = (
			);
			name = RickAndMorty;
			productName = RickAndMorty;
			productReference = 84F22B332B29EFB9007E0A8A /* RickAndMorty.app */;
			productType = "com.apple.product-type.application";
		};
/* End PBXNativeTarget section */

/* Begin PBXProject section */
		84F22B2B2B29EFB9007E0A8A /* Project object */ = {
			isa = PBXProject;
			attributes = {
				BuildIndependentTargetsInParallel = 1;
				LastSwiftUpdateCheck = 1500;
				LastUpgradeCheck = 1500;
				TargetAttributes = {
					84F22B322B29EFB9007E0A8A = {
						CreatedOnToolsVersion = 15.0.1;
					};
				};
			};
			buildConfigurationList = 84F22B2E2B29EFB9007E0A8A /* Build configuration list for PBXProject "RickAndMorty" */;
			compatibilityVersion = "Xcode 14.0";
			developmentRegion = en;
			hasScannedForEncodings = 0;
			knownRegions = (
				en,
				Base,
			);
			mainGroup = 84F22B2A2B29EFB9007E0A8A;
			productRefGroup = 84F22B342B29EFB9007E0A8A /* Products */;
			projectDirPath = "";
			projectRoot = "";
			targets = (
				84F22B322B29EFB9007E0A8A /* RickAndMorty */,
			);
		};
/* End PBXProject section */

/* Begin PBXResourcesBuildPhase section */
		84F22B312B29EFB9007E0A8A /* Resources */ = {
			isa = PBXResourcesBuildPhase;
			buildActionMask = 2147483647;
			files = (
				84F22B432B29EFBB007E0A8A /* LaunchScreen.storyboard in Resources */,
				84F22B402B29EFBB007E0A8A /* Assets.xcassets in Resources */,
			);
			runOnlyForDeploymentPostprocessing = 0;
		};
/* End PBXResourcesBuildPhase section */

/* Begin PBXSourcesBuildPhase section */
		84F22B2F2B29EFB9007E0A8A /* Sources */ = {
			isa = PBXSourcesBuildPhase;
			buildActionMask = 2147483647;
			files = (
				84F22B562B2A0531007E0A8A /* RMEpisode.swift in Sources */,
				84F22B5D2B2A06E5007E0A8A /* EpisodeViewController.swift in Sources */,
				84F539B62B2A3A0000CB4CD7 /* ApiRequest.swift in Sources */,
				84F539B82B2A3FD900CB4CD7 /* ApiEndpoint.swift in Sources */,
				84F22B3B2B29EFB9007E0A8A /* TabBarController.swift in Sources */,
				84F22B5F2B2A06F7007E0A8A /* SettingsViewController.swift in Sources */,
				84F22B372B29EFB9007E0A8A /* AppDelegate.swift in Sources */,
				84F22B392B29EFB9007E0A8A /* SceneDelegate.swift in Sources */,
				84F539B42B2A391E00CB4CD7 /* ApiService.swift in Sources */,
				84F22B522B2A0512007E0A8A /* RMLocation.swift in Sources */,
				84F22B542B2A0524007E0A8A /* RMCharacter.swift in Sources */,
				84F22B592B2A0650007E0A8A /* CharacterViewController.swift in Sources */,
				84F22B5B2B2A06C8007E0A8A /* LocationViewController.swift in Sources */,
			);
			runOnlyForDeploymentPostprocessing = 0;
		};
/* End PBXSourcesBuildPhase section */

/* Begin PBXVariantGroup section */
		84F22B412B29EFBB007E0A8A /* LaunchScreen.storyboard */ = {
			isa = PBXVariantGroup;
			children = (
				84F22B422B29EFBB007E0A8A /* Base */,
			);
			name = LaunchScreen.storyboard;
			sourceTree = "<group>";
		};
/* End PBXVariantGroup section */

/* Begin XCBuildConfiguration section */
		84F22B452B29EFBB007E0A8A /* Debug */ = {
			isa = XCBuildConfiguration;
			buildSettings = {
				ALWAYS_SEARCH_USER_PATHS = NO;
				ASSETCATALOG_COMPILER_GENERATE_SWIFT_ASSET_SYMBOL_EXTENSIONS = YES;
				CLANG_ANALYZER_NONNULL = YES;
				CLANG_ANALYZER_NUMBER_OBJECT_CONVERSION = YES_AGGRESSIVE;
				CLANG_CXX_LANGUAGE_STANDARD = "gnu++20";
				CLANG_ENABLE_MODULES = YES;
				CLANG_ENABLE_OBJC_ARC = YES;
				CLANG_ENABLE_OBJC_WEAK = YES;
				CLANG_WARN_BLOCK_CAPTURE_AUTORELEASING = YES;
				CLANG_WARN_BOOL_CONVERSION = YES;
				CLANG_WARN_COMMA = YES;
				CLANG_WARN_CONSTANT_CONVERSION = YES;
				CLANG_WARN_DEPRECATED_OBJC_IMPLEMENTATIONS = YES;
				CLANG_WARN_DIRECT_OBJC_ISA_USAGE = YES_ERROR;
				CLANG_WARN_DOCUMENTATION_COMMENTS = YES;
				CLANG_WARN_EMPTY_BODY = YES;
				CLANG_WARN_ENUM_CONVERSION = YES;
				CLANG_WARN_INFINITE_RECURSION = YES;
				CLANG_WARN_INT_CONVERSION = YES;
				CLANG_WARN_NON_LITERAL_NULL_CONVERSION = YES;
				CLANG_WARN_OBJC_IMPLICIT_RETAIN_SELF = YES;
				CLANG_WARN_OBJC_LITERAL_CONVERSION = YES;
				CLANG_WARN_OBJC_ROOT_CLASS = YES_ERROR;
				CLANG_WARN_QUOTED_INCLUDE_IN_FRAMEWORK_HEADER = YES;
				CLANG_WARN_RANGE_LOOP_ANALYSIS = YES;
				CLANG_WARN_STRICT_PROTOTYPES = YES;
				CLANG_WARN_SUSPICIOUS_MOVE = YES;
				CLANG_WARN_UNGUARDED_AVAILABILITY = YES_AGGRESSIVE;
				CLANG_WARN_UNREACHABLE_CODE = YES;
				CLANG_WARN__DUPLICATE_METHOD_MATCH = YES;
				COPY_PHASE_STRIP = NO;
				DEBUG_INFORMATION_FORMAT = dwarf;
				ENABLE_STRICT_OBJC_MSGSEND = YES;
				ENABLE_TESTABILITY = YES;
				ENABLE_USER_SCRIPT_SANDBOXING = YES;
				GCC_C_LANGUAGE_STANDARD = gnu17;
				GCC_DYNAMIC_NO_PIC = NO;
				GCC_NO_COMMON_BLOCKS = YES;
				GCC_OPTIMIZATION_LEVEL = 0;
				GCC_PREPROCESSOR_DEFINITIONS = (
					"DEBUG=1",
					"$(inherited)",
				);
				GCC_WARN_64_TO_32_BIT_CONVERSION = YES;
				GCC_WARN_ABOUT_RETURN_TYPE = YES_ERROR;
				GCC_WARN_UNDECLARED_SELECTOR = YES;
				GCC_WARN_UNINITIALIZED_AUTOS = YES_AGGRESSIVE;
				GCC_WARN_UNUSED_FUNCTION = YES;
				GCC_WARN_UNUSED_VARIABLE = YES;
				IPHONEOS_DEPLOYMENT_TARGET = 17.0;
				LOCALIZATION_PREFERS_STRING_CATALOGS = YES;
				MTL_ENABLE_DEBUG_INFO = INCLUDE_SOURCE;
				MTL_FAST_MATH = YES;
				ONLY_ACTIVE_ARCH = YES;
				SDKROOT = iphoneos;
				SWIFT_ACTIVE_COMPILATION_CONDITIONS = "DEBUG $(inherited)";
				SWIFT_OPTIMIZATION_LEVEL = "-Onone";
			};
			name = Debug;
		};
		84F22B462B29EFBB007E0A8A /* Release */ = {
			isa = XCBuildConfiguration;
			buildSettings = {
				ALWAYS_SEARCH_USER_PATHS = NO;
				ASSETCATALOG_COMPILER_GENERATE_SWIFT_ASSET_SYMBOL_EXTENSIONS = YES;
				CLANG_ANALYZER_NONNULL = YES;
				CLANG_ANALYZER_NUMBER_OBJECT_CONVERSION = YES_AGGRESSIVE;
				CLANG_CXX_LANGUAGE_STANDARD = "gnu++20";
				CLANG_ENABLE_MODULES = YES;
				CLANG_ENABLE_OBJC_ARC = YES;
				CLANG_ENABLE_OBJC_WEAK = YES;
				CLANG_WARN_BLOCK_CAPTURE_AUTORELEASING = YES;
				CLANG_WARN_BOOL_CONVERSION = YES;
				CLANG_WARN_COMMA = YES;
				CLANG_WARN_CONSTANT_CONVERSION = YES;
				CLANG_WARN_DEPRECATED_OBJC_IMPLEMENTATIONS = YES;
				CLANG_WARN_DIRECT_OBJC_ISA_USAGE = YES_ERROR;
				CLANG_WARN_DOCUMENTATION_COMMENTS = YES;
				CLANG_WARN_EMPTY_BODY = YES;
				CLANG_WARN_ENUM_CONVERSION = YES;
				CLANG_WARN_INFINITE_RECURSION = YES;
				CLANG_WARN_INT_CONVERSION = YES;
				CLANG_WARN_NON_LITERAL_NULL_CONVERSION = YES;
				CLANG_WARN_OBJC_IMPLICIT_RETAIN_SELF = YES;
				CLANG_WARN_OBJC_LITERAL_CONVERSION = YES;
				CLANG_WARN_OBJC_ROOT_CLASS = YES_ERROR;
				CLANG_WARN_QUOTED_INCLUDE_IN_FRAMEWORK_HEADER = YES;
				CLANG_WARN_RANGE_LOOP_ANALYSIS = YES;
				CLANG_WARN_STRICT_PROTOTYPES = YES;
				CLANG_WARN_SUSPICIOUS_MOVE = YES;
				CLANG_WARN_UNGUARDED_AVAILABILITY = YES_AGGRESSIVE;
				CLANG_WARN_UNREACHABLE_CODE = YES;
				CLANG_WARN__DUPLICATE_METHOD_MATCH = YES;
				COPY_PHASE_STRIP = NO;
				DEBUG_INFORMATION_FORMAT = "dwarf-with-dsym";
				ENABLE_NS_ASSERTIONS = NO;
				ENABLE_STRICT_OBJC_MSGSEND = YES;
				ENABLE_USER_SCRIPT_SANDBOXING = YES;
				GCC_C_LANGUAGE_STANDARD = gnu17;
				GCC_NO_COMMON_BLOCKS = YES;
				GCC_WARN_64_TO_32_BIT_CONVERSION = YES;
				GCC_WARN_ABOUT_RETURN_TYPE = YES_ERROR;
				GCC_WARN_UNDECLARED_SELECTOR = YES;
				GCC_WARN_UNINITIALIZED_AUTOS = YES_AGGRESSIVE;
				GCC_WARN_UNUSED_FUNCTION = YES;
				GCC_WARN_UNUSED_VARIABLE = YES;
				IPHONEOS_DEPLOYMENT_TARGET = 17.0;
				LOCALIZATION_PREFERS_STRING_CATALOGS = YES;
				MTL_ENABLE_DEBUG_INFO = NO;
				MTL_FAST_MATH = YES;
				SDKROOT = iphoneos;
				SWIFT_COMPILATION_MODE = wholemodule;
				VALIDATE_PRODUCT = YES;
			};
			name = Release;
		};
		84F22B482B29EFBB007E0A8A /* Debug */ = {
			isa = XCBuildConfiguration;
			buildSettings = {
				ASSETCATALOG_COMPILER_APPICON_NAME = AppIcon;
				ASSETCATALOG_COMPILER_GLOBAL_ACCENT_COLOR_NAME = AccentColor;
				CODE_SIGN_STYLE = Automatic;
				CURRENT_PROJECT_VERSION = 1;
				DEVELOPMENT_TEAM = U3A87V646H;
				GENERATE_INFOPLIST_FILE = YES;
				INFOPLIST_FILE = RickAndMorty/Info.plist;
				INFOPLIST_KEY_UIApplicationSupportsIndirectInputEvents = YES;
				INFOPLIST_KEY_UILaunchStoryboardName = LaunchScreen;
				INFOPLIST_KEY_UISupportedInterfaceOrientations_iPad = "UIInterfaceOrientationPortrait UIInterfaceOrientationPortraitUpsideDown UIInterfaceOrientationLandscapeLeft UIInterfaceOrientationLandscapeRight";
				INFOPLIST_KEY_UISupportedInterfaceOrientations_iPhone = "UIInterfaceOrientationPortrait UIInterfaceOrientationLandscapeLeft UIInterfaceOrientationLandscapeRight";
				LD_RUNPATH_SEARCH_PATHS = (
					"$(inherited)",
					"@executable_path/Frameworks",
				);
				MARKETING_VERSION = 1.0;
				PRODUCT_BUNDLE_IDENTIFIER = com.i.RickAndMorty;
				PRODUCT_NAME = "$(TARGET_NAME)";
				SWIFT_EMIT_LOC_STRINGS = YES;
				SWIFT_VERSION = 5.0;
				TARGETED_DEVICE_FAMILY = "1,2";
			};
			name = Debug;
		};
		84F22B492B29EFBB007E0A8A /* Release */ = {
			isa = XCBuildConfiguration;
			buildSettings = {
				ASSETCATALOG_COMPILER_APPICON_NAME = AppIcon;
				ASSETCATALOG_COMPILER_GLOBAL_ACCENT_COLOR_NAME = AccentColor;
				CODE_SIGN_STYLE = Automatic;
				CURRENT_PROJECT_VERSION = 1;
				DEVELOPMENT_TEAM = U3A87V646H;
				GENERATE_INFOPLIST_FILE = YES;
				INFOPLIST_FILE = RickAndMorty/Info.plist;
				INFOPLIST_KEY_UIApplicationSupportsIndirectInputEvents = YES;
				INFOPLIST_KEY_UILaunchStoryboardName = LaunchScreen;
				INFOPLIST_KEY_UISupportedInterfaceOrientations_iPad = "UIInterfaceOrientationPortrait UIInterfaceOrientationPortraitUpsideDown UIInterfaceOrientationLandscapeLeft UIInterfaceOrientationLandscapeRight";
				INFOPLIST_KEY_UISupportedInterfaceOrientations_iPhone = "UIInterfaceOrientationPortrait UIInterfaceOrientationLandscapeLeft UIInterfaceOrientationLandscapeRight";
				LD_RUNPATH_SEARCH_PATHS = (
					"$(inherited)",
					"@executable_path/Frameworks",
				);
				MARKETING_VERSION = 1.0;
				PRODUCT_BUNDLE_IDENTIFIER = com.i.RickAndMorty;
				PRODUCT_NAME = "$(TARGET_NAME)";
				SWIFT_EMIT_LOC_STRINGS = YES;
				SWIFT_VERSION = 5.0;
				TARGETED_DEVICE_FAMILY = "1,2";
			};
			name = Release;
		};
/* End XCBuildConfiguration section */

/* Begin XCConfigurationList section */
		84F22B2E2B29EFB9007E0A8A /* Build configuration list for PBXProject "RickAndMorty" */ = {
			isa = XCConfigurationList;
			buildConfigurations = (
				84F22B452B29EFBB007E0A8A /* Debug */,
				84F22B462B29EFBB007E0A8A /* Release */,
			);
			defaultConfigurationIsVisible = 0;
			defaultConfigurationName = Release;
		};
		84F22B472B29EFBB007E0A8A /* Build configuration list for PBXNativeTarget "RickAndMorty" */ = {
			isa = XCConfigurationList;
			buildConfigurations = (
				84F22B482B29EFBB007E0A8A /* Debug */,
				84F22B492B29EFBB007E0A8A /* Release */,
			);
			defaultConfigurationIsVisible = 0;
			defaultConfigurationName = Release;
		};
/* End XCConfigurationList section */
	};
	rootObject = 84F22B2B2B29EFB9007E0A8A /* Project object */;
}
